
Microsoft Visual Studio Solution File, Format Version 12.00
# Visual Studio 15
VisualStudioVersion = 15.0.27703.2047
MinimumVisualStudioVersion = 10.0.40219.1
Project("{FAE04EC0-301F-11D3-BF4B-00C04F79EFBC}") = "S.Android", "S\S.Android\S.Android.csproj", "{5765E4FB-A504-4C1C-AA59-E0D36F43299E}"
EndProject
Project("{FAE04EC0-301F-11D3-BF4B-00C04F79EFBC}") = "S", "S\S\S.csproj", "{054CD729-55E0-4340-BD67-CC9CA0916703}"
EndProject
Global
	GlobalSection(SolutionConfigurationPlatforms) = preSolution
		Debug|Any CPU = Debug|Any CPU
		Release|Any CPU = Release|Any CPU
	EndGlobalSection
	GlobalSection(ProjectConfigurationPlatforms) = postSolution
		{5765E4FB-A504-4C1C-AA59-E0D36F43299E}.Debug|Any CPU.ActiveCfg = Debug|Any CPU
		{5765E4FB-A504-4C1C-AA59-E0D36F43299E}.Debug|Any CPU.Build.0 = Debug|Any CPU
		{5765E4FB-A504-4C1C-AA59-E0D36F43299E}.Debug|Any CPU.Deploy.0 = Debug|Any CPU
		{5765E4FB-A504-4C1C-AA59-E0D36F43299E}.Release|Any CPU.ActiveCfg = Release|Any CPU
		{5765E4FB-A504-4C1C-AA59-E0D36F43299E}.Release|Any CPU.Build.0 = Release|Any CPU
		{5765E4FB-A504-4C1C-AA59-E0D36F43299E}.Release|Any CPU.Deploy.0 = Release|Any CPU
		{054CD729-55E0-4340-BD67-CC9CA0916703}.Debug|Any CPU.ActiveCfg = Debug|Any CPU
		{054CD729-55E0-4340-BD67-CC9CA0916703}.Debug|Any CPU.Build.0 = Debug|Any CPU
		{054CD729-55E0-4340-BD67-CC9CA0916703}.Debug|Any CPU.Deploy.0 = Debug|Any CPU
		{054CD729-55E0-4340-BD67-CC9CA0916703}.Release|Any CPU.ActiveCfg = Release|Any CPU
		{054CD729-55E0-4340-BD67-CC9CA0916703}.Release|Any CPU.Build.0 = Release|Any CPU
		{054CD729-55E0-4340-BD67-CC9CA0916703}.Release|Any CPU.Deploy.0 = Release|Any CPU
	EndGlobalSection
	GlobalSection(SolutionProperties) = preSolution
		HideSolutionNode = FALSE
	EndGlobalSection
	GlobalSection(ExtensibilityGlobals) = postSolution
		SolutionGuid = {60DC199C-66A1-49D0-AA63-AAB1AD8496C0}
	EndGlobalSection
EndGlobal
